
Microsoft Visual Studio Solution File, Format Version 12.00
# Visual Studio Version 16
VisualStudioVersion = 16.0.32901.82
MinimumVisualStudioVersion = 10.0.40219.1
Project("{FAE04EC0-301F-11D3-BF4B-00C04F79EFBC}") = "FRM_SEMANA_07", "FRM_SEMANA_07\FRM_SEMANA_07.csproj", "{009087D7-7951-426C-BAEB-8961661F3B79}"
EndProject
Global
	GlobalSection(SolutionConfigurationPlatforms) = preSolution
		Debug|Any CPU = Debug|Any CPU
		Release|Any CPU = Release|Any CPU
	EndGlobalSection
	GlobalSection(ProjectConfigurationPlatforms) = postSolution
		{009087D7-7951-426C-BAEB-8961661F3B79}.Debug|Any CPU.ActiveCfg = Debug|Any CPU
		{009087D7-7951-426C-BAEB-8961661F3B79}.Debug|Any CPU.Build.0 = Debug|Any CPU
		{009087D7-7951-426C-BAEB-8961661F3B79}.Release|Any CPU.ActiveCfg = Release|Any CPU
		{009087D7-7951-426C-BAEB-8961661F3B79}.Release|Any CPU.Build.0 = Release|Any CPU
	EndGlobalSection
	GlobalSection(SolutionProperties) = preSolution
		HideSolutionNode = FALSE
	EndGlobalSection
	GlobalSection(ExtensibilityGlobals) = postSolution
		SolutionGuid = {8DED008B-4F85-4E0D-8A3C-AD7AAC782101}
	EndGlobalSection
EndGlobal
